<?xml version="1.0" encoding="utf-8"?>
<Project ToolsVersion="4.0" xmlns="http://schemas.microsoft.com/developer/msbuild/2003">
  <ItemGroup>
    <Filter Include="Source Files">
      <UniqueIdentifier>{3C4265CC-2D78-44DE-BC9F-1C64FB817DA5}</UniqueIdentifier>
      <Extensions>cpp;c;cc;cxx;def;odl;idl;hpj;bat;asm;asmx</Extensions>
    </Filter>
    <Filter Include="Header Files">
      <UniqueIdentifier>{7B1ACFC7-8801-49F4-9D4D-E3CBFEC33A8D}</UniqueIdentifier>
      <Extensions>h;hh;hpp;hxx;hm;inl;inc;xsd</Extensions>
    </Filter>
    <Filter Include="Resource Files">
      <UniqueIdentifier>{0373C32A-908E-4C0A-8D5B-07C4A21C3725}</UniqueIdentifier>
      <Extensions>rc;ico;cur;bmp;dlg;rc2;rct;bin;rgs;gif;jpg;jpeg;jpe;resx;tiff;tif;png;wav;mfcribbon-ms</Extensions>
    </Filter>
  </ItemGroup>
  <ItemGroup>
    <ClCompile Include="..\routine\routine.c">
      <Filter>Source Files</Filter>
    </ClCompile>
    <ClCompile Include="..\routine\rapp.c">
      <Filter>Source Files</Filter>
    </ClCompile>
    <ClCompile Include="src\main.c">
      <Filter>Source Files</Filter>
    </ClCompile>
    <ClCompile Include="src\wfp.c">
      <Filter>Source Files</Filter>
    </ClCompile>
    <ClCompile Include="src\profile.c">
      <Filter>Source Files</Filter>
    </ClCompile>
    <ClCompile Include="src\log.c">
      <Filter>Source Files</Filter>
    </ClCompile>
    <ClCompile Include="src\notifications.c">
      <Filter>Source Files</Filter>
    </ClCompile>
    <ClCompile Include="src\timer.c">
      <Filter>Source Files</Filter>
    </ClCompile>
    <ClCompile Include="src\helper.c">
      <Filter>Source Files</Filter>
    </ClCompile>
    <ClCompile Include="src\editor.c">
      <Filter>Source Files</Filter>
    </ClCompile>
    <ClCompile Include="src\controls.c">
      <Filter>Source Files</Filter>
    </ClCompile>
    <ClCompile Include="..\mxml\mxml-search.c">
      <Filter>Source Files</Filter>
    </ClCompile>
    <ClCompile Include="..\mxml\mxml-set.c">
      <Filter>Source Files</Filter>
    </ClCompile>
    <ClCompile Include="..\mxml\mxml-string.c">
      <Filter>Source Files</Filter>
    </ClCompile>
    <ClCompile Include="..\mxml\mxml-attr.c">
      <Filter>Source Files</Filter>
    </ClCompile>
    <ClCompile Include="..\mxml\mxml-entity.c">
      <Filter>Source Files</Filter>
    </ClCompile>
    <ClCompile Include="..\mxml\mxml-file.c">
      <Filter>Source Files</Filter>
    </ClCompile>
    <ClCompile Include="..\mxml\mxml-get.c">
      <Filter>Source Files</Filter>
    </ClCompile>
    <ClCompile Include="..\mxml\mxml-index.c">
      <Filter>Source Files</Filter>
    </ClCompile>
    <ClCompile Include="..\mxml\mxml-node.c">
      <Filter>Source Files</Filter>
    </ClCompile>
    <ClCompile Include="..\mxml\mxml-private.c">
      <Filter>Source Files</Filter>
    </ClCompile>
    <ClCompile Include="src\messages.c">
      <Filter>Source Files</Filter>
    </ClCompile>
    <ClCompile Include="src\security.c">
      <Filter>Source Files</Filter>
    </ClCompile>
  </ItemGroup>
  <ItemGroup>
    <ClInclude Include="..\routine\routine.h">
      <Filter>Header Files</Filter>
    </ClInclude>
    <ClInclude Include="src\main.h">
      <Filter>Header Files</Filter>
    </ClInclude>
    <ClInclude Include="src\resource.h">
      <Filter>Header Files</Filter>
    </ClInclude>
    <ClInclude Include="..\routine\rconfig.h">
      <Filter>Header Files</Filter>
    </ClInclude>
    <ClInclude Include="..\routine\rapp.h">
      <Filter>Header Files</Filter>
    </ClInclude>
    <ClInclude Include="src\app.h">
      <Filter>Header Files</Filter>
    </ClInclude>
    <ClInclude Include="src\wfp.h">
      <Filter>Header Files</Filter>
    </ClInclude>
    <ClInclude Include="src\profile.h">
      <Filter>Header Files</Filter>
    </ClInclude>
    <ClInclude Include="src\log.h">
      <Filter>Header Files</Filter>
    </ClInclude>
    <ClInclude Include="src\notifications.h">
      <Filter>Header Files</Filter>
    </ClInclude>
    <ClInclude Include="src\timer.h">
      <Filter>Header Files</Filter>
    </ClInclude>
    <ClInclude Include="src\helper.h">
      <Filter>Header Files</Filter>
    </ClInclude>
    <ClInclude Include="src\global.h">
      <Filter>Header Files</Filter>
    </ClInclude>
    <ClInclude Include="..\routine\ntapi.h">
      <Filter>Header Files</Filter>
    </ClInclude>
    <ClInclude Include="src\editor.h">
      <Filter>Header Files</Filter>
    </ClInclude>
    <ClInclude Include="src\controls.h">
      <Filter>Header Files</Filter>
    </ClInclude>
    <ClInclude Include="src\security.h">
      <Filter>Header Files</Filter>
    </ClInclude>
    <ClInclude Include="..\mxml\mxml-private.h">
      <Filter>Header Files</Filter>
    </ClInclude>
    <ClInclude Include="..\mxml\mxml.h">
      <Filter>Header Files</Filter>
    </ClInclude>
    <ClInclude Include="src\messages.h">
      <Filter>Header Files</Filter>
    </ClInclude>
  </ItemGroup>
  <ItemGroup>
    <ResourceCompile Include="src\resource.rc">
      <Filter>Resource Files</Filter>
    </ResourceCompile>
  </ItemGroup>
</Project>