<?xml version="1.0" encoding="utf-8"?>
<Project ToolsVersion="4.0" xmlns="http://schemas.microsoft.com/developer/msbuild/2003">
  <ItemGroup>
    <Filter Include="Source Files">
      <UniqueIdentifier>{3C4265CC-2D78-44DE-BC9F-1C64FB817DA5}</UniqueIdentifier>
      <Extensions>cpp;c;cc;cxx;def;odl;idl;hpj;bat;asm;asmx</Extensions>
    </Filter>
    <Filter Include="Header Files">
      <UniqueIdentifier>{7B1ACFC7-8801-49F4-9D4D-E3CBFEC33A8D}</UniqueIdentifier>
      <Extensions>h;hh;hpp;hxx;hm;inl;inc;xsd</Extensions>
    </Filter>
    <Filter Include="Resource Files">
      <UniqueIdentifier>{0373C32A-908E-4C0A-8D5B-07C4A21C3725}</UniqueIdentifier>
      <Extensions>rc;ico;cur;bmp;dlg;rc2;rct;bin;rgs;gif;jpg;jpeg;jpe;resx;tiff;tif;png;wav;mfcribbon-ms</Extensions>
    </Filter>
  </ItemGroup>
  <ItemGroup>
    <ClCompile Include="..\routine\routine.cpp">
      <Filter>Source Files</Filter>
    </ClCompile>
    <ClCompile Include="src\main.cpp">
      <Filter>Source Files</Filter>
    </ClCompile>
    <ClCompile Include="..\routine\rstring.cpp">
      <Filter>Source Files</Filter>
    </ClCompile>
    <ClCompile Include="..\routine\rapp.cpp">
      <Filter>Source Files</Filter>
    </ClCompile>
  </ItemGroup>
  <ItemGroup>
    <ClInclude Include="..\routine\routine.hpp">
      <Filter>Header Files</Filter>
    </ClInclude>
    <ClInclude Include="src\main.hpp">
      <Filter>Header Files</Filter>
    </ClInclude>
    <ClInclude Include="src\resource.hpp">
      <Filter>Header Files</Filter>
    </ClInclude>
    <ClInclude Include="..\routine\rconfig.hpp">
      <Filter>Header Files</Filter>
    </ClInclude>
    <ClInclude Include="..\routine\rstring.hpp">
      <Filter>Header Files</Filter>
    </ClInclude>
    <ClInclude Include="..\routine\rapp.hpp">
      <Filter>Header Files</Filter>
    </ClInclude>
    <ClInclude Include="src\include\pugixml\pugiconfig.hpp">
      <Filter>Header Files</Filter>
    </ClInclude>
    <ClInclude Include="src\app.hpp">
      <Filter>Header Files</Filter>
    </ClInclude>
    <ClInclude Include="..\pugixml\src\pugixml.hpp">
      <Filter>Header Files</Filter>
    </ClInclude>
  </ItemGroup>
  <ItemGroup>
    <ResourceCompile Include="src\resource.rc">
      <Filter>Resource Files</Filter>
    </ResourceCompile>
  </ItemGroup>
</Project>